// !$*UTF8*$!
{
	archiveVersion = 1;
	classes = {
	};
	objectVersion = 46;
	objects = {

/* Begin PBXBuildFile section */
		F4252ED71BD92ED100FF0644 /* main.cpp in Sources */ = {isa = PBXBuildFile; fileRef = F4252ED61BD92ED100FF0644 /* main.cpp */; };
		F4252EE21BD92F6400FF0644 /* arrays.cpp in Sources */ = {isa = PBXBuildFile; fileRef = F4252EE01BD92F6400FF0644 /* arrays.cpp */; };
		F4252EE51BD92F8E00FF0644 /* pointers.cpp in Sources */ = {isa = PBXBuildFile; fileRef = F4252EE31BD92F8E00FF0644 /* pointers.cpp */; };
		F4252EE81BD92FAD00FF0644 /* aliases.cpp in Sources */ = {isa = PBXBuildFile; fileRef = F4252EE61BD92FAD00FF0644 /* aliases.cpp */; };
		F4252EEB1BD92FDC00FF0644 /* dynamic_memory.cpp in Sources */ = {isa = PBXBuildFile; fileRef = F4252EE91BD92FDC00FF0644 /* dynamic_memory.cpp */; };
		F42A79A41BDA796500EB3F3A /* student.cpp in Sources */ = {isa = PBXBuildFile; fileRef = F42A79A21BDA796500EB3F3A /* student.cpp */; };
		F436E4961BDFD97200FC7951 /* templates.cpp in Sources */ = {isa = PBXBuildFile; fileRef = F436E4941BDFD97200FC7951 /* templates.cpp */; };
		F436E4991BDFD99000FC7951 /* recursion.cpp in Sources */ = {isa = PBXBuildFile; fileRef = F436E4971BDFD99000FC7951 /* recursion.cpp */; };
		F436E49F1BDFF3E000FC7951 /* item.cpp in Sources */ = {isa = PBXBuildFile; fileRef = F436E49D1BDFF3E000FC7951 /* item.cpp */; };
/* End PBXBuildFile section */

/* Begin PBXCopyFilesBuildPhase section */
		F4252ED11BD92ED100FF0644 /* CopyFiles */ = {
			isa = PBXCopyFilesBuildPhase;
			buildActionMask = 2147483647;
			dstPath = /usr/share/man/man1/;
			dstSubfolderSpec = 0;
			files = (
			);
			runOnlyForDeploymentPostprocessing = 1;
		};
/* End PBXCopyFilesBuildPhase section */

/* Begin PBXFileReference section */
		F4252ED31BD92ED100FF0644 /* UP_OOP_SDP */ = {isa = PBXFileReference; explicitFileType = "compiled.mach-o.executable"; includeInIndex = 0; path = UP_OOP_SDP; sourceTree = BUILT_PRODUCTS_DIR; };
		F4252ED61BD92ED100FF0644 /* main.cpp */ = {isa = PBXFileReference; lastKnownFileType = sourcecode.cpp.cpp; path = main.cpp; sourceTree = "<group>"; };
		F4252EE01BD92F6400FF0644 /* arrays.cpp */ = {isa = PBXFileReference; fileEncoding = 4; lastKnownFileType = sourcecode.cpp.cpp; path = arrays.cpp; sourceTree = "<group>"; };
		F4252EE11BD92F6400FF0644 /* arrays.h */ = {isa = PBXFileReference; fileEncoding = 4; lastKnownFileType = sourcecode.c.h; path = arrays.h; sourceTree = "<group>"; };
		F4252EE31BD92F8E00FF0644 /* pointers.cpp */ = {isa = PBXFileReference; fileEncoding = 4; lastKnownFileType = sourcecode.cpp.cpp; path = pointers.cpp; sourceTree = "<group>"; };
		F4252EE41BD92F8E00FF0644 /* pointers.h */ = {isa = PBXFileReference; fileEncoding = 4; lastKnownFileType = sourcecode.c.h; path = pointers.h; sourceTree = "<group>"; };
		F4252EE61BD92FAD00FF0644 /* aliases.cpp */ = {isa = PBXFileReference; fileEncoding = 4; lastKnownFileType = sourcecode.cpp.cpp; path = aliases.cpp; sourceTree = "<group>"; };
		F4252EE71BD92FAD00FF0644 /* aliases.h */ = {isa = PBXFileReference; fileEncoding = 4; lastKnownFileType = sourcecode.c.h; path = aliases.h; sourceTree = "<group>"; };
		F4252EE91BD92FDC00FF0644 /* dynamic_memory.cpp */ = {isa = PBXFileReference; fileEncoding = 4; lastKnownFileType = sourcecode.cpp.cpp; path = dynamic_memory.cpp; sourceTree = "<group>"; };
		F4252EEA1BD92FDC00FF0644 /* dynamic_memory.h */ = {isa = PBXFileReference; fileEncoding = 4; lastKnownFileType = sourcecode.c.h; path = dynamic_memory.h; sourceTree = "<group>"; };
		F42A79A21BDA796500EB3F3A /* student.cpp */ = {isa = PBXFileReference; fileEncoding = 4; lastKnownFileType = sourcecode.cpp.cpp; path = student.cpp; sourceTree = "<group>"; };
		F42A79A31BDA796500EB3F3A /* student.h */ = {isa = PBXFileReference; fileEncoding = 4; lastKnownFileType = sourcecode.c.h; path = student.h; sourceTree = "<group>"; };
		F436E4941BDFD97200FC7951 /* templates.cpp */ = {isa = PBXFileReference; fileEncoding = 4; lastKnownFileType = sourcecode.cpp.cpp; path = templates.cpp; sourceTree = "<group>"; };
		F436E4951BDFD97200FC7951 /* templates.h */ = {isa = PBXFileReference; fileEncoding = 4; lastKnownFileType = sourcecode.c.h; path = templates.h; sourceTree = "<group>"; };
		F436E4971BDFD99000FC7951 /* recursion.cpp */ = {isa = PBXFileReference; fileEncoding = 4; lastKnownFileType = sourcecode.cpp.cpp; path = recursion.cpp; sourceTree = "<group>"; };
		F436E4981BDFD99000FC7951 /* recursion.h */ = {isa = PBXFileReference; fileEncoding = 4; lastKnownFileType = sourcecode.c.h; path = recursion.h; sourceTree = "<group>"; };
		F436E49B1BDFE90A00FC7951 /* box.h */ = {isa = PBXFileReference; fileEncoding = 4; lastKnownFileType = sourcecode.c.h; path = box.h; sourceTree = "<group>"; };
		F436E49D1BDFF3E000FC7951 /* item.cpp */ = {isa = PBXFileReference; fileEncoding = 4; lastKnownFileType = sourcecode.cpp.cpp; path = item.cpp; sourceTree = "<group>"; };
		F436E49E1BDFF3E000FC7951 /* item.h */ = {isa = PBXFileReference; fileEncoding = 4; lastKnownFileType = sourcecode.c.h; path = item.h; sourceTree = "<group>"; };
/* End PBXFileReference section */

/* Begin PBXFrameworksBuildPhase section */
		F4252ED01BD92ED100FF0644 /* Frameworks */ = {
			isa = PBXFrameworksBuildPhase;
			buildActionMask = 2147483647;
			files = (
			);
			runOnlyForDeploymentPostprocessing = 0;
		};
/* End PBXFrameworksBuildPhase section */

/* Begin PBXGroup section */
		F4252ECA1BD92ED100FF0644 = {
			isa = PBXGroup;
			children = (
				F4252ED51BD92ED100FF0644 /* UP_OOP_SDP */,
				F4252ED41BD92ED100FF0644 /* Products */,
			);
			sourceTree = "<group>";
		};
		F4252ED41BD92ED100FF0644 /* Products */ = {
			isa = PBXGroup;
			children = (
				F4252ED31BD92ED100FF0644 /* UP_OOP_SDP */,
			);
			name = Products;
			sourceTree = "<group>";
		};
		F4252ED51BD92ED100FF0644 /* UP_OOP_SDP */ = {
			isa = PBXGroup;
			children = (
				F4252ED61BD92ED100FF0644 /* main.cpp */,
				F4252EE01BD92F6400FF0644 /* arrays.cpp */,
				F4252EE11BD92F6400FF0644 /* arrays.h */,
				F4252EE31BD92F8E00FF0644 /* pointers.cpp */,
				F4252EE41BD92F8E00FF0644 /* pointers.h */,
				F4252EE61BD92FAD00FF0644 /* aliases.cpp */,
				F4252EE71BD92FAD00FF0644 /* aliases.h */,
				F4252EE91BD92FDC00FF0644 /* dynamic_memory.cpp */,
				F4252EEA1BD92FDC00FF0644 /* dynamic_memory.h */,
				F42A79A21BDA796500EB3F3A /* student.cpp */,
				F42A79A31BDA796500EB3F3A /* student.h */,
				F436E4941BDFD97200FC7951 /* templates.cpp */,
				F436E4951BDFD97200FC7951 /* templates.h */,
				F436E4971BDFD99000FC7951 /* recursion.cpp */,
				F436E4981BDFD99000FC7951 /* recursion.h */,
				F436E49B1BDFE90A00FC7951 /* box.h */,
				F436E49D1BDFF3E000FC7951 /* item.cpp */,
				F436E49E1BDFF3E000FC7951 /* item.h */,
			);
			path = UP_OOP_SDP;
			sourceTree = "<group>";
		};
/* End PBXGroup section */

/* Begin PBXNativeTarget section */
		F4252ED21BD92ED100FF0644 /* UP_OOP_SDP */ = {
			isa = PBXNativeTarget;
			buildConfigurationList = F4252EDA1BD92ED100FF0644 /* Build configuration list for PBXNativeTarget "UP_OOP_SDP" */;
			buildPhases = (
				F4252ECF1BD92ED100FF0644 /* Sources */,
				F4252ED01BD92ED100FF0644 /* Frameworks */,
				F4252ED11BD92ED100FF0644 /* CopyFiles */,
			);
			buildRules = (
			);
			dependencies = (
			);
			name = UP_OOP_SDP;
			productName = UP_OOP_SDP;
			productReference = F4252ED31BD92ED100FF0644 /* UP_OOP_SDP */;
			productType = "com.apple.product-type.tool";
		};
/* End PBXNativeTarget section */

/* Begin PBXProject section */
		F4252ECB1BD92ED100FF0644 /* Project object */ = {
			isa = PBXProject;
			attributes = {
				LastUpgradeCheck = 0700;
				ORGANIZATIONNAME = "Miroslav Mironov";
				TargetAttributes = {
					F4252ED21BD92ED100FF0644 = {
						CreatedOnToolsVersion = 7.0.1;
					};
				};
			};
			buildConfigurationList = F4252ECE1BD92ED100FF0644 /* Build configuration list for PBXProject "UP_OOP_SDP" */;
			compatibilityVersion = "Xcode 3.2";
			developmentRegion = English;
			hasScannedForEncodings = 0;
			knownRegions = (
				en,
			);
			mainGroup = F4252ECA1BD92ED100FF0644;
			productRefGroup = F4252ED41BD92ED100FF0644 /* Products */;
			projectDirPath = "";
			projectRoot = "";
			targets = (
				F4252ED21BD92ED100FF0644 /* UP_OOP_SDP */,
			);
		};
/* End PBXProject section */

/* Begin PBXSourcesBuildPhase section */
		F4252ECF1BD92ED100FF0644 /* Sources */ = {
			isa = PBXSourcesBuildPhase;
			buildActionMask = 2147483647;
			files = (
				F436E4991BDFD99000FC7951 /* recursion.cpp in Sources */,
				F4252EE51BD92F8E00FF0644 /* pointers.cpp in Sources */,
				F436E49F1BDFF3E000FC7951 /* item.cpp in Sources */,
				F42A79A41BDA796500EB3F3A /* student.cpp in Sources */,
				F436E4961BDFD97200FC7951 /* templates.cpp in Sources */,
				F4252ED71BD92ED100FF0644 /* main.cpp in Sources */,
				F4252EE81BD92FAD00FF0644 /* aliases.cpp in Sources */,
				F4252EE21BD92F6400FF0644 /* arrays.cpp in Sources */,
				F4252EEB1BD92FDC00FF0644 /* dynamic_memory.cpp in Sources */,
			);
			runOnlyForDeploymentPostprocessing = 0;
		};
/* End PBXSourcesBuildPhase section */

/* Begin XCBuildConfiguration section */
		F4252ED81BD92ED100FF0644 /* Debug */ = {
			isa = XCBuildConfiguration;
			buildSettings = {
				ALWAYS_SEARCH_USER_PATHS = NO;
				CLANG_CXX_LANGUAGE_STANDARD = "gnu++0x";
				CLANG_CXX_LIBRARY = "libc++";
				CLANG_ENABLE_MODULES = YES;
				CLANG_ENABLE_OBJC_ARC = YES;
				CLANG_WARN_BOOL_CONVERSION = YES;
				CLANG_WARN_CONSTANT_CONVERSION = YES;
				CLANG_WARN_DIRECT_OBJC_ISA_USAGE = YES_ERROR;
				CLANG_WARN_EMPTY_BODY = YES;
				CLANG_WARN_ENUM_CONVERSION = YES;
				CLANG_WARN_INT_CONVERSION = YES;
				CLANG_WARN_OBJC_ROOT_CLASS = YES_ERROR;
				CLANG_WARN_UNREACHABLE_CODE = YES;
				CLANG_WARN__DUPLICATE_METHOD_MATCH = YES;
				COPY_PHASE_STRIP = NO;
				DEBUG_INFORMATION_FORMAT = dwarf;
				ENABLE_STRICT_OBJC_MSGSEND = YES;
				ENABLE_TESTABILITY = YES;
				GCC_C_LANGUAGE_STANDARD = gnu99;
				GCC_DYNAMIC_NO_PIC = NO;
				GCC_NO_COMMON_BLOCKS = YES;
				GCC_OPTIMIZATION_LEVEL = 0;
				GCC_PREPROCESSOR_DEFINITIONS = (
					"DEBUG=1",
					"$(inherited)",
				);
				GCC_WARN_64_TO_32_BIT_CONVERSION = YES;
				GCC_WARN_ABOUT_RETURN_TYPE = YES_ERROR;
				GCC_WARN_UNDECLARED_SELECTOR = YES;
				GCC_WARN_UNINITIALIZED_AUTOS = YES_AGGRESSIVE;
				GCC_WARN_UNUSED_FUNCTION = YES;
				GCC_WARN_UNUSED_VARIABLE = YES;
				MACOSX_DEPLOYMENT_TARGET = 10.11;
				MTL_ENABLE_DEBUG_INFO = YES;
				ONLY_ACTIVE_ARCH = YES;
				SDKROOT = macosx;
			};
			name = Debug;
		};
		F4252ED91BD92ED100FF0644 /* Release */ = {
			isa = XCBuildConfiguration;
			buildSettings = {
				ALWAYS_SEARCH_USER_PATHS = NO;
				CLANG_CXX_LANGUAGE_STANDARD = "gnu++0x";
				CLANG_CXX_LIBRARY = "libc++";
				CLANG_ENABLE_MODULES = YES;
				CLANG_ENABLE_OBJC_ARC = YES;
				CLANG_WARN_BOOL_CONVERSION = YES;
				CLANG_WARN_CONSTANT_CONVERSION = YES;
				CLANG_WARN_DIRECT_OBJC_ISA_USAGE = YES_ERROR;
				CLANG_WARN_EMPTY_BODY = YES;
				CLANG_WARN_ENUM_CONVERSION = YES;
				CLANG_WARN_INT_CONVERSION = YES;
				CLANG_WARN_OBJC_ROOT_CLASS = YES_ERROR;
				CLANG_WARN_UNREACHABLE_CODE = YES;
				CLANG_WARN__DUPLICATE_METHOD_MATCH = YES;
				COPY_PHASE_STRIP = NO;
				DEBUG_INFORMATION_FORMAT = "dwarf-with-dsym";
				ENABLE_NS_ASSERTIONS = NO;
				ENABLE_STRICT_OBJC_MSGSEND = YES;
				GCC_C_LANGUAGE_STANDARD = gnu99;
				GCC_NO_COMMON_BLOCKS = YES;
				GCC_WARN_64_TO_32_BIT_CONVERSION = YES;
				GCC_WARN_ABOUT_RETURN_TYPE = YES_ERROR;
				GCC_WARN_UNDECLARED_SELECTOR = YES;
				GCC_WARN_UNINITIALIZED_AUTOS = YES_AGGRESSIVE;
				GCC_WARN_UNUSED_FUNCTION = YES;
				GCC_WARN_UNUSED_VARIABLE = YES;
				MACOSX_DEPLOYMENT_TARGET = 10.11;
				MTL_ENABLE_DEBUG_INFO = NO;
				SDKROOT = macosx;
			};
			name = Release;
		};
		F4252EDB1BD92ED100FF0644 /* Debug */ = {
			isa = XCBuildConfiguration;
			buildSettings = {
				PRODUCT_NAME = "$(TARGET_NAME)";
			};
			name = Debug;
		};
		F4252EDC1BD92ED100FF0644 /* Release */ = {
			isa = XCBuildConfiguration;
			buildSettings = {
				PRODUCT_NAME = "$(TARGET_NAME)";
			};
			name = Release;
		};
/* End XCBuildConfiguration section */

/* Begin XCConfigurationList section */
		F4252ECE1BD92ED100FF0644 /* Build configuration list for PBXProject "UP_OOP_SDP" */ = {
			isa = XCConfigurationList;
			buildConfigurations = (
				F4252ED81BD92ED100FF0644 /* Debug */,
				F4252ED91BD92ED100FF0644 /* Release */,
			);
			defaultConfigurationIsVisible = 0;
			defaultConfigurationName = Release;
		};
		F4252EDA1BD92ED100FF0644 /* Build configuration list for PBXNativeTarget "UP_OOP_SDP" */ = {
			isa = XCConfigurationList;
			buildConfigurations = (
				F4252EDB1BD92ED100FF0644 /* Debug */,
				F4252EDC1BD92ED100FF0644 /* Release */,
			);
			defaultConfigurationIsVisible = 0;
			defaultConfigurationName = Release;
		};
/* End XCConfigurationList section */
	};
	rootObject = F4252ECB1BD92ED100FF0644 /* Project object */;
}
